
Microsoft Visual Studio Solution File, Format Version 12.00
Project("{2150E333-8FDC-42A3-9474-1A3956D46DE8}") = "src", "src", "{FD94D6A5-F369-4A55-AF46-7A55A9DC1BA7}"
EndProject
Project("{2150E333-8FDC-42A3-9474-1A3956D46DE8}") = "test", "test", "{55721AC3-6A6F-4BF6-875D-498210857009}"
EndProject
Project("{2150E333-8FDC-42A3-9474-1A3956D46DE8}") = "Core", "Core", "{82C9CFAD-DED5-49CA-B0C9-26AA28C21628}"
EndProject
Project("{2150E333-8FDC-42A3-9474-1A3956D46DE8}") = "Infrastructure", "Infrastructure", "{D9FA4E50-D2FA-4B36-89D0-42E55757E649}"
EndProject
Project("{2150E333-8FDC-42A3-9474-1A3956D46DE8}") = "UI", "UI", "{C1BC292D-9C0A-411D-AE39-3551D0312341}"
EndProject
Project("{FAE04EC0-301F-11D3-BF4B-00C04F79EFBC}") = "Domain", "src\Core\Domain\Domain.csproj", "{87B3D2B8-F9FD-464A-87E5-060C07D10D66}"
EndProject
Project("{FAE04EC0-301F-11D3-BF4B-00C04F79EFBC}") = "Bot", "src\UI\Bot\Bot.csproj", "{1C3AF96C-C92B-4B8C-9F08-1A3ADEFC92F0}"
EndProject
Project("{FAE04EC0-301F-11D3-BF4B-00C04F79EFBC}") = "Discord", "src\Infrastructure\Discord\Discord.csproj", "{743D79B1-CFDF-43E3-B046-0DC336810D9B}"
EndProject
Global
	GlobalSection(SolutionConfigurationPlatforms) = preSolution
		Debug|Any CPU = Debug|Any CPU
		Release|Any CPU = Release|Any CPU
	EndGlobalSection
	GlobalSection(NestedProjects) = preSolution
		{82C9CFAD-DED5-49CA-B0C9-26AA28C21628} = {FD94D6A5-F369-4A55-AF46-7A55A9DC1BA7}
		{D9FA4E50-D2FA-4B36-89D0-42E55757E649} = {FD94D6A5-F369-4A55-AF46-7A55A9DC1BA7}
		{C1BC292D-9C0A-411D-AE39-3551D0312341} = {FD94D6A5-F369-4A55-AF46-7A55A9DC1BA7}
		{87B3D2B8-F9FD-464A-87E5-060C07D10D66} = {82C9CFAD-DED5-49CA-B0C9-26AA28C21628}
		{1C3AF96C-C92B-4B8C-9F08-1A3ADEFC92F0} = {C1BC292D-9C0A-411D-AE39-3551D0312341}
		{743D79B1-CFDF-43E3-B046-0DC336810D9B} = {D9FA4E50-D2FA-4B36-89D0-42E55757E649}
	EndGlobalSection
	GlobalSection(ProjectConfigurationPlatforms) = postSolution
		{87B3D2B8-F9FD-464A-87E5-060C07D10D66}.Debug|Any CPU.ActiveCfg = Debug|Any CPU
		{87B3D2B8-F9FD-464A-87E5-060C07D10D66}.Debug|Any CPU.Build.0 = Debug|Any CPU
		{87B3D2B8-F9FD-464A-87E5-060C07D10D66}.Release|Any CPU.ActiveCfg = Release|Any CPU
		{87B3D2B8-F9FD-464A-87E5-060C07D10D66}.Release|Any CPU.Build.0 = Release|Any CPU
		{1C3AF96C-C92B-4B8C-9F08-1A3ADEFC92F0}.Debug|Any CPU.ActiveCfg = Debug|Any CPU
		{1C3AF96C-C92B-4B8C-9F08-1A3ADEFC92F0}.Debug|Any CPU.Build.0 = Debug|Any CPU
		{1C3AF96C-C92B-4B8C-9F08-1A3ADEFC92F0}.Release|Any CPU.ActiveCfg = Release|Any CPU
		{1C3AF96C-C92B-4B8C-9F08-1A3ADEFC92F0}.Release|Any CPU.Build.0 = Release|Any CPU
		{743D79B1-CFDF-43E3-B046-0DC336810D9B}.Debug|Any CPU.ActiveCfg = Debug|Any CPU
		{743D79B1-CFDF-43E3-B046-0DC336810D9B}.Debug|Any CPU.Build.0 = Debug|Any CPU
		{743D79B1-CFDF-43E3-B046-0DC336810D9B}.Release|Any CPU.ActiveCfg = Release|Any CPU
		{743D79B1-CFDF-43E3-B046-0DC336810D9B}.Release|Any CPU.Build.0 = Release|Any CPU
	EndGlobalSection
EndGlobal
